
Microsoft Visual Studio Solution File, Format Version 12.00
# Visual Studio Version 16
VisualStudioVersion = 16.0.32630.194
MinimumVisualStudioVersion = 10.0.40219.1
Project("{FAE04EC0-301F-11D3-BF4B-00C04F79EFBC}") = "ResurantReactpro", "ResurantReactpro\ResurantReactpro.csproj", "{300F979B-EA17-4876-891E-2A84786A5BB7}"
EndProject
Global
	GlobalSection(SolutionConfigurationPlatforms) = preSolution
		Debug|Any CPU = Debug|Any CPU
		Release|Any CPU = Release|Any CPU
	EndGlobalSection
	GlobalSection(ProjectConfigurationPlatforms) = postSolution
		{300F979B-EA17-4876-891E-2A84786A5BB7}.Debug|Any CPU.ActiveCfg = Debug|Any CPU
		{300F979B-EA17-4876-891E-2A84786A5BB7}.Debug|Any CPU.Build.0 = Debug|Any CPU
		{300F979B-EA17-4876-891E-2A84786A5BB7}.Release|Any CPU.ActiveCfg = Release|Any CPU
		{300F979B-EA17-4876-891E-2A84786A5BB7}.Release|Any CPU.Build.0 = Release|Any CPU
	EndGlobalSection
	GlobalSection(SolutionProperties) = preSolution
		HideSolutionNode = FALSE
	EndGlobalSection
	GlobalSection(ExtensibilityGlobals) = postSolution
		SolutionGuid = {25C234F1-C9AE-4195-B956-5253C79D2A0F}
	EndGlobalSection
EndGlobal
